
Microsoft Visual Studio Solution File, Format Version 12.00
# Visual Studio 14
VisualStudioVersion = 14.0.23107.0
MinimumVisualStudioVersion = 10.0.40219.1
Project("{FAE04EC0-301F-11D3-BF4B-00C04F79EFBC}") = "Tikona.Bsolution", "tikona.bsolution\Tikona.Bsolution.csproj", "{619EA0A7-3A8C-4514-9D56-7F92E232322B}"
EndProject
Project("{FAE04EC0-301F-11D3-BF4B-00C04F79EFBC}") = "Tikona.Bsolution.Tests", "Tikona.Bsolution.Tests1\Tikona.Bsolution.Tests.csproj", "{F6D8F55F-0AE4-4337-A2E1-7FC40243C317}"
EndProject
Global
	GlobalSection(SolutionConfigurationPlatforms) = preSolution
		Debug|Any CPU = Debug|Any CPU
		Release|Any CPU = Release|Any CPU
	EndGlobalSection
	GlobalSection(ProjectConfigurationPlatforms) = postSolution
		{619EA0A7-3A8C-4514-9D56-7F92E232322B}.Debug|Any CPU.ActiveCfg = Debug|Any CPU
		{619EA0A7-3A8C-4514-9D56-7F92E232322B}.Debug|Any CPU.Build.0 = Debug|Any CPU
		{619EA0A7-3A8C-4514-9D56-7F92E232322B}.Release|Any CPU.ActiveCfg = Release|Any CPU
		{619EA0A7-3A8C-4514-9D56-7F92E232322B}.Release|Any CPU.Build.0 = Release|Any CPU
		{F6D8F55F-0AE4-4337-A2E1-7FC40243C317}.Debug|Any CPU.ActiveCfg = Debug|Any CPU
		{F6D8F55F-0AE4-4337-A2E1-7FC40243C317}.Debug|Any CPU.Build.0 = Debug|Any CPU
		{F6D8F55F-0AE4-4337-A2E1-7FC40243C317}.Release|Any CPU.ActiveCfg = Release|Any CPU
		{F6D8F55F-0AE4-4337-A2E1-7FC40243C317}.Release|Any CPU.Build.0 = Release|Any CPU
	EndGlobalSection
	GlobalSection(SolutionProperties) = preSolution
		HideSolutionNode = FALSE
	EndGlobalSection
EndGlobal
